
Microsoft Visual Studio Solution File, Format Version 12.00
# Visual Studio Version 17
VisualStudioVersion = 17.14.36202.13
MinimumVisualStudioVersion = 10.0.40219.1
Project("{FAE04EC0-301F-11D3-BF4B-00C04F79EFBC}") = "IntakeAPI", "IntakeApi\IntakeAPI.csproj", "{4F1ADAD6-27AB-0969-F2AD-A44AE44032AD}"
EndProject
Global
	GlobalSection(SolutionConfigurationPlatforms) = preSolution
		Debug|Any CPU = Debug|Any CPU
		Release|Any CPU = Release|Any CPU
	EndGlobalSection
	GlobalSection(ProjectConfigurationPlatforms) = postSolution
		{4F1ADAD6-27AB-0969-F2AD-A44AE44032AD}.Debug|Any CPU.ActiveCfg = Debug|Any CPU
		{4F1ADAD6-27AB-0969-F2AD-A44AE44032AD}.Debug|Any CPU.Build.0 = Debug|Any CPU
		{4F1ADAD6-27AB-0969-F2AD-A44AE44032AD}.Release|Any CPU.ActiveCfg = Release|Any CPU
		{4F1ADAD6-27AB-0969-F2AD-A44AE44032AD}.Release|Any CPU.Build.0 = Release|Any CPU
	EndGlobalSection
	GlobalSection(SolutionProperties) = preSolution
		HideSolutionNode = FALSE
	EndGlobalSection
	GlobalSection(ExtensibilityGlobals) = postSolution
		SolutionGuid = {B9AA311D-2537-41BE-82E1-8A8B380C0CC8}
	EndGlobalSection
EndGlobal
